// !$*UTF8*$!
{
	archiveVersion = 1;
	classes = {
	};
	objectVersion = 46;
	objects = {

/* Begin PBXBuildFile section */
		3750AC981DB406120091611B /* AppDelegate.swift in Sources */ = {isa = PBXBuildFile; fileRef = 3750AC971DB406120091611B /* AppDelegate.swift */; };
		3750AC9D1DB406120091611B /* Main.storyboard in Resources */ = {isa = PBXBuildFile; fileRef = 3750AC9B1DB406120091611B /* Main.storyboard */; };
		3750AC9F1DB406120091611B /* Assets.xcassets in Resources */ = {isa = PBXBuildFile; fileRef = 3750AC9E1DB406120091611B /* Assets.xcassets */; };
		3750ACA21DB406120091611B /* LaunchScreen.storyboard in Resources */ = {isa = PBXBuildFile; fileRef = 3750ACA01DB406120091611B /* LaunchScreen.storyboard */; };
		3750ACAD1DB406130091611B /* ToDo_2Tests.swift in Sources */ = {isa = PBXBuildFile; fileRef = 3750ACAC1DB406130091611B /* ToDo_2Tests.swift */; };
		3750ACB81DB406130091611B /* ToDo_2UITests.swift in Sources */ = {isa = PBXBuildFile; fileRef = 3750ACB71DB406130091611B /* ToDo_2UITests.swift */; };
		3759C1221DB411A0009A5EAC /* MasterTableViewController.swift in Sources */ = {isa = PBXBuildFile; fileRef = 3759C1211DB411A0009A5EAC /* MasterTableViewController.swift */; };
		3759C1241DB41212009A5EAC /* AddViewController.swift in Sources */ = {isa = PBXBuildFile; fileRef = 3759C1231DB41212009A5EAC /* AddViewController.swift */; };
		3759C1261DB41287009A5EAC /* DetailViewController.swift in Sources */ = {isa = PBXBuildFile; fileRef = 3759C1251DB41287009A5EAC /* DetailViewController.swift */; };
		37F642C51DBFEDEE0036890A /* StatsViewController.swift in Sources */ = {isa = PBXBuildFile; fileRef = 37F642C41DBFEDEE0036890A /* StatsViewController.swift */; };
/* End PBXBuildFile section */

/* Begin PBXContainerItemProxy section */
		3750ACA91DB406130091611B /* PBXContainerItemProxy */ = {
			isa = PBXContainerItemProxy;
			containerPortal = 3750AC8C1DB406120091611B /* Project object */;
			proxyType = 1;
			remoteGlobalIDString = 3750AC931DB406120091611B;
			remoteInfo = ToDo_2;
		};
		3750ACB41DB406130091611B /* PBXContainerItemProxy */ = {
			isa = PBXContainerItemProxy;
			containerPortal = 3750AC8C1DB406120091611B /* Project object */;
			proxyType = 1;
			remoteGlobalIDString = 3750AC931DB406120091611B;
			remoteInfo = ToDo_2;
		};
/* End PBXContainerItemProxy section */

/* Begin PBXFileReference section */
		3750AC941DB406120091611B /* ToDo_2.app */ = {isa = PBXFileReference; explicitFileType = wrapper.application; includeInIndex = 0; path = ToDo_2.app; sourceTree = BUILT_PRODUCTS_DIR; };
		3750AC971DB406120091611B /* AppDelegate.swift */ = {isa = PBXFileReference; lastKnownFileType = sourcecode.swift; path = AppDelegate.swift; sourceTree = "<group>"; };
		3750AC9C1DB406120091611B /* Base */ = {isa = PBXFileReference; lastKnownFileType = file.storyboard; name = Base; path = Base.lproj/Main.storyboard; sourceTree = "<group>"; };
		3750AC9E1DB406120091611B /* Assets.xcassets */ = {isa = PBXFileReference; lastKnownFileType = folder.assetcatalog; path = Assets.xcassets; sourceTree = "<group>"; };
		3750ACA11DB406120091611B /* Base */ = {isa = PBXFileReference; lastKnownFileType = file.storyboard; name = Base; path = Base.lproj/LaunchScreen.storyboard; sourceTree = "<group>"; };
		3750ACA31DB406120091611B /* Info.plist */ = {isa = PBXFileReference; lastKnownFileType = text.plist.xml; path = Info.plist; sourceTree = "<group>"; };
		3750ACA81DB406130091611B /* ToDo_2Tests.xctest */ = {isa = PBXFileReference; explicitFileType = wrapper.cfbundle; includeInIndex = 0; path = ToDo_2Tests.xctest; sourceTree = BUILT_PRODUCTS_DIR; };
		3750ACAC1DB406130091611B /* ToDo_2Tests.swift */ = {isa = PBXFileReference; lastKnownFileType = sourcecode.swift; path = ToDo_2Tests.swift; sourceTree = "<group>"; };
		3750ACAE1DB406130091611B /* Info.plist */ = {isa = PBXFileReference; lastKnownFileType = text.plist.xml; path = Info.plist; sourceTree = "<group>"; };
		3750ACB31DB406130091611B /* ToDo_2UITests.xctest */ = {isa = PBXFileReference; explicitFileType = wrapper.cfbundle; includeInIndex = 0; path = ToDo_2UITests.xctest; sourceTree = BUILT_PRODUCTS_DIR; };
		3750ACB71DB406130091611B /* ToDo_2UITests.swift */ = {isa = PBXFileReference; lastKnownFileType = sourcecode.swift; path = ToDo_2UITests.swift; sourceTree = "<group>"; };
		3750ACB91DB406130091611B /* Info.plist */ = {isa = PBXFileReference; lastKnownFileType = text.plist.xml; path = Info.plist; sourceTree = "<group>"; };
		3759C1211DB411A0009A5EAC /* MasterTableViewController.swift */ = {isa = PBXFileReference; fileEncoding = 4; lastKnownFileType = sourcecode.swift; path = MasterTableViewController.swift; sourceTree = "<group>"; };
		3759C1231DB41212009A5EAC /* AddViewController.swift */ = {isa = PBXFileReference; fileEncoding = 4; lastKnownFileType = sourcecode.swift; path = AddViewController.swift; sourceTree = "<group>"; };
		3759C1251DB41287009A5EAC /* DetailViewController.swift */ = {isa = PBXFileReference; fileEncoding = 4; lastKnownFileType = sourcecode.swift; path = DetailViewController.swift; sourceTree = "<group>"; };
		37F642C41DBFEDEE0036890A /* StatsViewController.swift */ = {isa = PBXFileReference; fileEncoding = 4; lastKnownFileType = sourcecode.swift; path = StatsViewController.swift; sourceTree = "<group>"; };
/* End PBXFileReference section */

/* Begin PBXFrameworksBuildPhase section */
		3750AC911DB406120091611B /* Frameworks */ = {
			isa = PBXFrameworksBuildPhase;
			buildActionMask = 2147483647;
			files = (
			);
			runOnlyForDeploymentPostprocessing = 0;
		};
		3750ACA51DB406130091611B /* Frameworks */ = {
			isa = PBXFrameworksBuildPhase;
			buildActionMask = 2147483647;
			files = (
			);
			runOnlyForDeploymentPostprocessing = 0;
		};
		3750ACB01DB406130091611B /* Frameworks */ = {
			isa = PBXFrameworksBuildPhase;
			buildActionMask = 2147483647;
			files = (
			);
			runOnlyForDeploymentPostprocessing = 0;
		};
/* End PBXFrameworksBuildPhase section */

/* Begin PBXGroup section */
		3750AC8B1DB406120091611B = {
			isa = PBXGroup;
			children = (
				3750AC961DB406120091611B /* ToDo_2 */,
				3750ACAB1DB406130091611B /* ToDo_2Tests */,
				3750ACB61DB406130091611B /* ToDo_2UITests */,
				3750AC951DB406120091611B /* Products */,
			);
			sourceTree = "<group>";
		};
		3750AC951DB406120091611B /* Products */ = {
			isa = PBXGroup;
			children = (
				3750AC941DB406120091611B /* ToDo_2.app */,
				3750ACA81DB406130091611B /* ToDo_2Tests.xctest */,
				3750ACB31DB406130091611B /* ToDo_2UITests.xctest */,
			);
			name = Products;
			sourceTree = "<group>";
		};
		3750AC961DB406120091611B /* ToDo_2 */ = {
			isa = PBXGroup;
			children = (
				3750AC971DB406120091611B /* AppDelegate.swift */,
				3759C1211DB411A0009A5EAC /* MasterTableViewController.swift */,
				3759C1231DB41212009A5EAC /* AddViewController.swift */,
				37F642C41DBFEDEE0036890A /* StatsViewController.swift */,
				3759C1251DB41287009A5EAC /* DetailViewController.swift */,
				3750AC9B1DB406120091611B /* Main.storyboard */,
				3750AC9E1DB406120091611B /* Assets.xcassets */,
				3750ACA01DB406120091611B /* LaunchScreen.storyboard */,
				3750ACA31DB406120091611B /* Info.plist */,
			);
			path = ToDo_2;
			sourceTree = "<group>";
		};
		3750ACAB1DB406130091611B /* ToDo_2Tests */ = {
			isa = PBXGroup;
			children = (
				3750ACAC1DB406130091611B /* ToDo_2Tests.swift */,
				3750ACAE1DB406130091611B /* Info.plist */,
			);
			path = ToDo_2Tests;
			sourceTree = "<group>";
		};
		3750ACB61DB406130091611B /* ToDo_2UITests */ = {
			isa = PBXGroup;
			children = (
				3750ACB71DB406130091611B /* ToDo_2UITests.swift */,
				3750ACB91DB406130091611B /* Info.plist */,
			);
			path = ToDo_2UITests;
			sourceTree = "<group>";
		};
/* End PBXGroup section */

/* Begin PBXNativeTarget section */
		3750AC931DB406120091611B /* ToDo_2 */ = {
			isa = PBXNativeTarget;
			buildConfigurationList = 3750ACBC1DB406130091611B /* Build configuration list for PBXNativeTarget "ToDo_2" */;
			buildPhases = (
				3750AC901DB406120091611B /* Sources */,
				3750AC911DB406120091611B /* Frameworks */,
				3750AC921DB406120091611B /* Resources */,
			);
			buildRules = (
			);
			dependencies = (
			);
			name = ToDo_2;
			productName = ToDo_2;
			productReference = 3750AC941DB406120091611B /* ToDo_2.app */;
			productType = "com.apple.product-type.application";
		};
		3750ACA71DB406130091611B /* ToDo_2Tests */ = {
			isa = PBXNativeTarget;
			buildConfigurationList = 3750ACBF1DB406130091611B /* Build configuration list for PBXNativeTarget "ToDo_2Tests" */;
			buildPhases = (
				3750ACA41DB406130091611B /* Sources */,
				3750ACA51DB406130091611B /* Frameworks */,
				3750ACA61DB406130091611B /* Resources */,
			);
			buildRules = (
			);
			dependencies = (
				3750ACAA1DB406130091611B /* PBXTargetDependency */,
			);
			name = ToDo_2Tests;
			productName = ToDo_2Tests;
			productReference = 3750ACA81DB406130091611B /* ToDo_2Tests.xctest */;
			productType = "com.apple.product-type.bundle.unit-test";
		};
		3750ACB21DB406130091611B /* ToDo_2UITests */ = {
			isa = PBXNativeTarget;
			buildConfigurationList = 3750ACC21DB406130091611B /* Build configuration list for PBXNativeTarget "ToDo_2UITests" */;
			buildPhases = (
				3750ACAF1DB406130091611B /* Sources */,
				3750ACB01DB406130091611B /* Frameworks */,
				3750ACB11DB406130091611B /* Resources */,
			);
			buildRules = (
			);
			dependencies = (
				3750ACB51DB406130091611B /* PBXTargetDependency */,
			);
			name = ToDo_2UITests;
			productName = ToDo_2UITests;
			productReference = 3750ACB31DB406130091611B /* ToDo_2UITests.xctest */;
			productType = "com.apple.product-type.bundle.ui-testing";
		};
/* End PBXNativeTarget section */

/* Begin PBXProject section */
		3750AC8C1DB406120091611B /* Project object */ = {
			isa = PBXProject;
			attributes = {
				LastSwiftUpdateCheck = 0800;
				LastUpgradeCheck = 0800;
				ORGANIZATIONNAME = "Debleena Sengupta";
				TargetAttributes = {
					3750AC931DB406120091611B = {
						CreatedOnToolsVersion = 8.0;
						ProvisioningStyle = Automatic;
					};
					3750ACA71DB406130091611B = {
						CreatedOnToolsVersion = 8.0;
						ProvisioningStyle = Automatic;
						TestTargetID = 3750AC931DB406120091611B;
					};
					3750ACB21DB406130091611B = {
						CreatedOnToolsVersion = 8.0;
						ProvisioningStyle = Automatic;
						TestTargetID = 3750AC931DB406120091611B;
					};
				};
			};
			buildConfigurationList = 3750AC8F1DB406120091611B /* Build configuration list for PBXProject "ToDo_2" */;
			compatibilityVersion = "Xcode 3.2";
			developmentRegion = English;
			hasScannedForEncodings = 0;
			knownRegions = (
				en,
				Base,
			);
			mainGroup = 3750AC8B1DB406120091611B;
			productRefGroup = 3750AC951DB406120091611B /* Products */;
			projectDirPath = "";
			projectRoot = "";
			targets = (
				3750AC931DB406120091611B /* ToDo_2 */,
				3750ACA71DB406130091611B /* ToDo_2Tests */,
				3750ACB21DB406130091611B /* ToDo_2UITests */,
			);
		};
/* End PBXProject section */

/* Begin PBXResourcesBuildPhase section */
		3750AC921DB406120091611B /* Resources */ = {
			isa = PBXResourcesBuildPhase;
			buildActionMask = 2147483647;
			files = (
				3750ACA21DB406120091611B /* LaunchScreen.storyboard in Resources */,
				3750AC9F1DB406120091611B /* Assets.xcassets in Resources */,
				3750AC9D1DB406120091611B /* Main.storyboard in Resources */,
			);
			runOnlyForDeploymentPostprocessing = 0;
		};
		3750ACA61DB406130091611B /* Resources */ = {
			isa = PBXResourcesBuildPhase;
			buildActionMask = 2147483647;
			files = (
			);
			runOnlyForDeploymentPostprocessing = 0;
		};
		3750ACB11DB406130091611B /* Resources */ = {
			isa = PBXResourcesBuildPhase;
			buildActionMask = 2147483647;
			files = (
			);
			runOnlyForDeploymentPostprocessing = 0;
		};
/* End PBXResourcesBuildPhase section */

/* Begin PBXSourcesBuildPhase section */
		3750AC901DB406120091611B /* Sources */ = {
			isa = PBXSourcesBuildPhase;
			buildActionMask = 2147483647;
			files = (
				3759C1221DB411A0009A5EAC /* MasterTableViewController.swift in Sources */,
				3759C1261DB41287009A5EAC /* DetailViewController.swift in Sources */,
				3759C1241DB41212009A5EAC /* AddViewController.swift in Sources */,
				37F642C51DBFEDEE0036890A /* StatsViewController.swift in Sources */,
				3750AC981DB406120091611B /* AppDelegate.swift in Sources */,
			);
			runOnlyForDeploymentPostprocessing = 0;
		};
		3750ACA41DB406130091611B /* Sources */ = {
			isa = PBXSourcesBuildPhase;
			buildActionMask = 2147483647;
			files = (
				3750ACAD1DB406130091611B /* ToDo_2Tests.swift in Sources */,
			);
			runOnlyForDeploymentPostprocessing = 0;
		};
		3750ACAF1DB406130091611B /* Sources */ = {
			isa = PBXSourcesBuildPhase;
			buildActionMask = 2147483647;
			files = (
				3750ACB81DB406130091611B /* ToDo_2UITests.swift in Sources */,
			);
			runOnlyForDeploymentPostprocessing = 0;
		};
/* End PBXSourcesBuildPhase section */

/* Begin PBXTargetDependency section */
		3750ACAA1DB406130091611B /* PBXTargetDependency */ = {
			isa = PBXTargetDependency;
			target = 3750AC931DB406120091611B /* ToDo_2 */;
			targetProxy = 3750ACA91DB406130091611B /* PBXContainerItemProxy */;
		};
		3750ACB51DB406130091611B /* PBXTargetDependency */ = {
			isa = PBXTargetDependency;
			target = 3750AC931DB406120091611B /* ToDo_2 */;
			targetProxy = 3750ACB41DB406130091611B /* PBXContainerItemProxy */;
		};
/* End PBXTargetDependency section */

/* Begin PBXVariantGroup section */
		3750AC9B1DB406120091611B /* Main.storyboard */ = {
			isa = PBXVariantGroup;
			children = (
				3750AC9C1DB406120091611B /* Base */,
			);
			name = Main.storyboard;
			sourceTree = "<group>";
		};
		3750ACA01DB406120091611B /* LaunchScreen.storyboard */ = {
			isa = PBXVariantGroup;
			children = (
				3750ACA11DB406120091611B /* Base */,
			);
			name = LaunchScreen.storyboard;
			sourceTree = "<group>";
		};
/* End PBXVariantGroup section */

/* Begin XCBuildConfiguration section */
		3750ACBA1DB406130091611B /* Debug */ = {
			isa = XCBuildConfiguration;
			buildSettings = {
				ALWAYS_SEARCH_USER_PATHS = NO;
				CLANG_ANALYZER_NONNULL = YES;
				CLANG_CXX_LANGUAGE_STANDARD = "gnu++0x";
				CLANG_CXX_LIBRARY = "libc++";
				CLANG_ENABLE_MODULES = YES;
				CLANG_ENABLE_OBJC_ARC = YES;
				CLANG_WARN_BOOL_CONVERSION = YES;
				CLANG_WARN_CONSTANT_CONVERSION = YES;
				CLANG_WARN_DIRECT_OBJC_ISA_USAGE = YES_ERROR;
				CLANG_WARN_DOCUMENTATION_COMMENTS = YES;
				CLANG_WARN_EMPTY_BODY = YES;
				CLANG_WARN_ENUM_CONVERSION = YES;
				CLANG_WARN_INFINITE_RECURSION = YES;
				CLANG_WARN_INT_CONVERSION = YES;
				CLANG_WARN_OBJC_ROOT_CLASS = YES_ERROR;
				CLANG_WARN_SUSPICIOUS_MOVES = YES;
				CLANG_WARN_UNREACHABLE_CODE = YES;
				CLANG_WARN__DUPLICATE_METHOD_MATCH = YES;
				"CODE_SIGN_IDENTITY[sdk=iphoneos*]" = "iPhone Developer";
				COPY_PHASE_STRIP = NO;
				DEBUG_INFORMATION_FORMAT = dwarf;
				ENABLE_STRICT_OBJC_MSGSEND = YES;
				ENABLE_TESTABILITY = YES;
				GCC_C_LANGUAGE_STANDARD = gnu99;
				GCC_DYNAMIC_NO_PIC = NO;
				GCC_NO_COMMON_BLOCKS = YES;
				GCC_OPTIMIZATION_LEVEL = 0;
				GCC_PREPROCESSOR_DEFINITIONS = (
					"DEBUG=1",
					"$(inherited)",
				);
				GCC_WARN_64_TO_32_BIT_CONVERSION = YES;
				GCC_WARN_ABOUT_RETURN_TYPE = YES_ERROR;
				GCC_WARN_UNDECLARED_SELECTOR = YES;
				GCC_WARN_UNINITIALIZED_AUTOS = YES_AGGRESSIVE;
				GCC_WARN_UNUSED_FUNCTION = YES;
				GCC_WARN_UNUSED_VARIABLE = YES;
				IPHONEOS_DEPLOYMENT_TARGET = 10.0;
				MTL_ENABLE_DEBUG_INFO = YES;
				ONLY_ACTIVE_ARCH = YES;
				SDKROOT = iphoneos;
				SWIFT_ACTIVE_COMPILATION_CONDITIONS = DEBUG;
				SWIFT_OPTIMIZATION_LEVEL = "-Onone";
				TARGETED_DEVICE_FAMILY = "1,2";
			};
			name = Debug;
		};
		3750ACBB1DB406130091611B /* Release */ = {
			isa = XCBuildConfiguration;
			buildSettings = {
				ALWAYS_SEARCH_USER_PATHS = NO;
				CLANG_ANALYZER_NONNULL = YES;
				CLANG_CXX_LANGUAGE_STANDARD = "gnu++0x";
				CLANG_CXX_LIBRARY = "libc++";
				CLANG_ENABLE_MODULES = YES;
				CLANG_ENABLE_OBJC_ARC = YES;
				CLANG_WARN_BOOL_CONVERSION = YES;
				CLANG_WARN_CONSTANT_CONVERSION = YES;
				CLANG_WARN_DIRECT_OBJC_ISA_USAGE = YES_ERROR;
				CLANG_WARN_DOCUMENTATION_COMMENTS = YES;
				CLANG_WARN_EMPTY_BODY = YES;
				CLANG_WARN_ENUM_CONVERSION = YES;
				CLANG_WARN_INFINITE_RECURSION = YES;
				CLANG_WARN_INT_CONVERSION = YES;
				CLANG_WARN_OBJC_ROOT_CLASS = YES_ERROR;
				CLANG_WARN_SUSPICIOUS_MOVES = YES;
				CLANG_WARN_UNREACHABLE_CODE = YES;
				CLANG_WARN__DUPLICATE_METHOD_MATCH = YES;
				"CODE_SIGN_IDENTITY[sdk=iphoneos*]" = "iPhone Developer";
				COPY_PHASE_STRIP = NO;
				DEBUG_INFORMATION_FORMAT = "dwarf-with-dsym";
				ENABLE_NS_ASSERTIONS = NO;
				ENABLE_STRICT_OBJC_MSGSEND = YES;
				GCC_C_LANGUAGE_STANDARD = gnu99;
				GCC_NO_COMMON_BLOCKS = YES;
				GCC_WARN_64_TO_32_BIT_CONVERSION = YES;
				GCC_WARN_ABOUT_RETURN_TYPE = YES_ERROR;
				GCC_WARN_UNDECLARED_SELECTOR = YES;
				GCC_WARN_UNINITIALIZED_AUTOS = YES_AGGRESSIVE;
				GCC_WARN_UNUSED_FUNCTION = YES;
				GCC_WARN_UNUSED_VARIABLE = YES;
				IPHONEOS_DEPLOYMENT_TARGET = 10.0;
				MTL_ENABLE_DEBUG_INFO = NO;
				SDKROOT = iphoneos;
				SWIFT_OPTIMIZATION_LEVEL = "-Owholemodule";
				TARGETED_DEVICE_FAMILY = "1,2";
				VALIDATE_PRODUCT = YES;
			};
			name = Release;
		};
		3750ACBD1DB406130091611B /* Debug */ = {
			isa = XCBuildConfiguration;
			buildSettings = {
				ASSETCATALOG_COMPILER_APPICON_NAME = AppIcon;
				INFOPLIST_FILE = ToDo_2/Info.plist;
				LD_RUNPATH_SEARCH_PATHS = "$(inherited) @executable_path/Frameworks";
				PRODUCT_BUNDLE_IDENTIFIER = "Debleena.ToDo-2";
				PRODUCT_NAME = "$(TARGET_NAME)";
				SWIFT_VERSION = 3.0;
			};
			name = Debug;
		};
		3750ACBE1DB406130091611B /* Release */ = {
			isa = XCBuildConfiguration;
			buildSettings = {
				ASSETCATALOG_COMPILER_APPICON_NAME = AppIcon;
				INFOPLIST_FILE = ToDo_2/Info.plist;
				LD_RUNPATH_SEARCH_PATHS = "$(inherited) @executable_path/Frameworks";
				PRODUCT_BUNDLE_IDENTIFIER = "Debleena.ToDo-2";
				PRODUCT_NAME = "$(TARGET_NAME)";
				SWIFT_VERSION = 3.0;
			};
			name = Release;
		};
		3750ACC01DB406130091611B /* Debug */ = {
			isa = XCBuildConfiguration;
			buildSettings = {
				ALWAYS_EMBED_SWIFT_STANDARD_LIBRARIES = YES;
				BUNDLE_LOADER = "$(TEST_HOST)";
				INFOPLIST_FILE = ToDo_2Tests/Info.plist;
				LD_RUNPATH_SEARCH_PATHS = "$(inherited) @executable_path/Frameworks @loader_path/Frameworks";
				PRODUCT_BUNDLE_IDENTIFIER = "Debleena.ToDo-2Tests";
				PRODUCT_NAME = "$(TARGET_NAME)";
				SWIFT_VERSION = 3.0;
				TEST_HOST = "$(BUILT_PRODUCTS_DIR)/ToDo_2.app/ToDo_2";
			};
			name = Debug;
		};
		3750ACC11DB406130091611B /* Release */ = {
			isa = XCBuildConfiguration;
			buildSettings = {
				ALWAYS_EMBED_SWIFT_STANDARD_LIBRARIES = YES;
				BUNDLE_LOADER = "$(TEST_HOST)";
				INFOPLIST_FILE = ToDo_2Tests/Info.plist;
				LD_RUNPATH_SEARCH_PATHS = "$(inherited) @executable_path/Frameworks @loader_path/Frameworks";
				PRODUCT_BUNDLE_IDENTIFIER = "Debleena.ToDo-2Tests";
				PRODUCT_NAME = "$(TARGET_NAME)";
				SWIFT_VERSION = 3.0;
				TEST_HOST = "$(BUILT_PRODUCTS_DIR)/ToDo_2.app/ToDo_2";
			};
			name = Release;
		};
		3750ACC31DB406130091611B /* Debug */ = {
			isa = XCBuildConfiguration;
			buildSettings = {
				ALWAYS_EMBED_SWIFT_STANDARD_LIBRARIES = YES;
				INFOPLIST_FILE = ToDo_2UITests/Info.plist;
				LD_RUNPATH_SEARCH_PATHS = "$(inherited) @executable_path/Frameworks @loader_path/Frameworks";
				PRODUCT_BUNDLE_IDENTIFIER = "Debleena.ToDo-2UITests";
				PRODUCT_NAME = "$(TARGET_NAME)";
				SWIFT_VERSION = 3.0;
				TEST_TARGET_NAME = ToDo_2;
			};
			name = Debug;
		};
		3750ACC41DB406130091611B /* Release */ = {
			isa = XCBuildConfiguration;
			buildSettings = {
				ALWAYS_EMBED_SWIFT_STANDARD_LIBRARIES = YES;
				INFOPLIST_FILE = ToDo_2UITests/Info.plist;
				LD_RUNPATH_SEARCH_PATHS = "$(inherited) @executable_path/Frameworks @loader_path/Frameworks";
				PRODUCT_BUNDLE_IDENTIFIER = "Debleena.ToDo-2UITests";
				PRODUCT_NAME = "$(TARGET_NAME)";
				SWIFT_VERSION = 3.0;
				TEST_TARGET_NAME = ToDo_2;
			};
			name = Release;
		};
/* End XCBuildConfiguration section */

/* Begin XCConfigurationList section */
		3750AC8F1DB406120091611B /* Build configuration list for PBXProject "ToDo_2" */ = {
			isa = XCConfigurationList;
			buildConfigurations = (
				3750ACBA1DB406130091611B /* Debug */,
				3750ACBB1DB406130091611B /* Release */,
			);
			defaultConfigurationIsVisible = 0;
			defaultConfigurationName = Release;
		};
		3750ACBC1DB406130091611B /* Build configuration list for PBXNativeTarget "ToDo_2" */ = {
			isa = XCConfigurationList;
			buildConfigurations = (
				3750ACBD1DB406130091611B /* Debug */,
				3750ACBE1DB406130091611B /* Release */,
			);
			defaultConfigurationIsVisible = 0;
			defaultConfigurationName = Release;
		};
		3750ACBF1DB406130091611B /* Build configuration list for PBXNativeTarget "ToDo_2Tests" */ = {
			isa = XCConfigurationList;
			buildConfigurations = (
				3750ACC01DB406130091611B /* Debug */,
				3750ACC11DB406130091611B /* Release */,
			);
			defaultConfigurationIsVisible = 0;
			defaultConfigurationName = Release;
		};
		3750ACC21DB406130091611B /* Build configuration list for PBXNativeTarget "ToDo_2UITests" */ = {
			isa = XCConfigurationList;
			buildConfigurations = (
				3750ACC31DB406130091611B /* Debug */,
				3750ACC41DB406130091611B /* Release */,
			);
			defaultConfigurationIsVisible = 0;
			defaultConfigurationName = Release;
		};
/* End XCConfigurationList section */
	};
	rootObject = 3750AC8C1DB406120091611B /* Project object */;
}
